// !$*UTF8*$!
{
	archiveVersion = 1;
	classes = {
	};
	objectVersion = 48;
	objects = {

/* Begin PBXBuildFile section */
		1FCE016B8F3D50426FD55230 /* Pods_SleepAPTests.framework in Frameworks */ = {isa = PBXBuildFile; fileRef = 822A3AD7704DAF26EE878169 /* Pods_SleepAPTests.framework */; };
		3F7A9A940D2E9EC734B6593D /* Pods_SleepAP.framework in Frameworks */ = {isa = PBXBuildFile; fileRef = F47D98F4B02F42C8FD42348E /* Pods_SleepAP.framework */; };
		47DF0B15BA1622061F7DBC92 /* Pods_SleepAPUITests.framework in Frameworks */ = {isa = PBXBuildFile; fileRef = 4FDB393460CD8643CBDBCDD8 /* Pods_SleepAPUITests.framework */; };
		6F8F044021864A2400D4C8EB /* summaryViewController.swift in Sources */ = {isa = PBXBuildFile; fileRef = 6F8F043F21864A2400D4C8EB /* summaryViewController.swift */; };
		6F8F0460218AAB2800D4C8EB /* Charts.framework in Frameworks */ = {isa = PBXBuildFile; fileRef = 6F8F045D218AAB0200D4C8EB /* Charts.framework */; };
		6F8F0461218AAB2800D4C8EB /* Charts.framework in Embed Frameworks */ = {isa = PBXBuildFile; fileRef = 6F8F045D218AAB0200D4C8EB /* Charts.framework */; settings = {ATTRIBUTES = (CodeSignOnCopy, RemoveHeadersOnCopy, ); }; };
		C126C6D521855B580039C374 /* RegisterViewController.swift in Sources */ = {isa = PBXBuildFile; fileRef = C126C6D421855B580039C374 /* RegisterViewController.swift */; };
		C6F5977F2176C8AE003592C3 /* AppDelegate.swift in Sources */ = {isa = PBXBuildFile; fileRef = C6F5977E2176C8AE003592C3 /* AppDelegate.swift */; };
		C6F597812176C8AE003592C3 /* loginViewController.swift in Sources */ = {isa = PBXBuildFile; fileRef = C6F597802176C8AE003592C3 /* loginViewController.swift */; };
		C6F597842176C8AE003592C3 /* Login.storyboard in Resources */ = {isa = PBXBuildFile; fileRef = C6F597822176C8AE003592C3 /* Login.storyboard */; };
		C6F597892176C8AF003592C3 /* LaunchScreen.storyboard in Resources */ = {isa = PBXBuildFile; fileRef = C6F597872176C8AF003592C3 /* LaunchScreen.storyboard */; };
		C6F597942176C8AF003592C3 /* SleepAPTests.swift in Sources */ = {isa = PBXBuildFile; fileRef = C6F597932176C8AF003592C3 /* SleepAPTests.swift */; };
		C6F5979F2176C8AF003592C3 /* SleepAPUITests.swift in Sources */ = {isa = PBXBuildFile; fileRef = C6F5979E2176C8AF003592C3 /* SleepAPUITests.swift */; };
		D312C750219B42F2009ECB85 /* District.ttf in Resources */ = {isa = PBXBuildFile; fileRef = D312C74F219B42F2009ECB85 /* District.ttf */; };
		D312C752219B43BC009ECB85 /* recordSummaryParentViewController.swift in Sources */ = {isa = PBXBuildFile; fileRef = D312C751219B43BC009ECB85 /* recordSummaryParentViewController.swift */; };
		D31FA02B218631D5005B30B0 /* SleepNavigationViewController.swift in Sources */ = {isa = PBXBuildFile; fileRef = D31FA02A218631D5005B30B0 /* SleepNavigationViewController.swift */; };
		D32D2E5821989B1E005446E0 /* ReminderNavigationViewController.swift in Sources */ = {isa = PBXBuildFile; fileRef = D32D2E5721989B1E005446E0 /* ReminderNavigationViewController.swift */; };
		D32D2E5B21989C62005446E0 /* reminderTimeViewController.swift in Sources */ = {isa = PBXBuildFile; fileRef = D32D2E5A21989C62005446E0 /* reminderTimeViewController.swift */; };
		D32D2E5F2198AD38005446E0 /* Quicksand-Bold.otf in Resources */ = {isa = PBXBuildFile; fileRef = D32D2E5E2198AD38005446E0 /* Quicksand-Bold.otf */; };
		D32D2E612198ADD4005446E0 /* Quicksand-Regular.otf in Resources */ = {isa = PBXBuildFile; fileRef = D32D2E602198ADD4005446E0 /* Quicksand-Regular.otf */; };
		D32D2E652198EFDE005446E0 /* Assets.xcassets in Resources */ = {isa = PBXBuildFile; fileRef = D32D2E642198EFDE005446E0 /* Assets.xcassets */; };
		D32D2E6721992B96005446E0 /* sleepStartTimeViewController.swift in Sources */ = {isa = PBXBuildFile; fileRef = D32D2E6621992B96005446E0 /* sleepStartTimeViewController.swift */; };
		D32D2E69219934FE005446E0 /* Globals.swift in Sources */ = {isa = PBXBuildFile; fileRef = D32D2E68219934FE005446E0 /* Globals.swift */; };
		D33270EE217BCE1000E0CC79 /* Record.storyboard in Resources */ = {isa = PBXBuildFile; fileRef = D33270ED217BCE1000E0CC79 /* Record.storyboard */; };
		D33270F0217BD2B500E0CC79 /* Main.storyboard in Resources */ = {isa = PBXBuildFile; fileRef = D33270EF217BD2B500E0CC79 /* Main.storyboard */; };
		D33270F4217BD5B900E0CC79 /* recordViewController.swift in Sources */ = {isa = PBXBuildFile; fileRef = D33270F3217BD5B900E0CC79 /* recordViewController.swift */; };
		D33270FA217BDDF500E0CC79 /* Chalkduster.ttf in Resources */ = {isa = PBXBuildFile; fileRef = D33270F9217BDDF400E0CC79 /* Chalkduster.ttf */; };
		D33270FC217CA6F500E0CC79 /* customSlider.swift in Sources */ = {isa = PBXBuildFile; fileRef = D33270FB217CA6F500E0CC79 /* customSlider.swift */; };
		D3327102217CBDBC00E0CC79 /* recordTableItemModel.swift in Sources */ = {isa = PBXBuildFile; fileRef = D3327101217CBDBC00E0CC79 /* recordTableItemModel.swift */; };
		D3327104217D189B00E0CC79 /* Constants.swift in Sources */ = {isa = PBXBuildFile; fileRef = D3327103217D189B00E0CC79 /* Constants.swift */; };
		D3327106217D1B0C00E0CC79 /* Extensions.swift in Sources */ = {isa = PBXBuildFile; fileRef = D3327105217D1B0C00E0CC79 /* Extensions.swift */; };
		D3327108217D524A00E0CC79 /* beginSleepViewController.swift in Sources */ = {isa = PBXBuildFile; fileRef = D3327107217D524A00E0CC79 /* beginSleepViewController.swift */; };
		D37DBCCA21BA1FD9007AF34A /* sleepEndTimeViewController.swift in Sources */ = {isa = PBXBuildFile; fileRef = D37DBCC921BA1FD9007AF34A /* sleepEndTimeViewController.swift */; };
		D37DBCD321BB1080007AF34A /* FiraSansCondensed-UltraLight.otf in Resources */ = {isa = PBXBuildFile; fileRef = D37DBCD221BB1080007AF34A /* FiraSansCondensed-UltraLight.otf */; };
		D37DBCDF21BB3B99007AF34A /* Piano.aiff in Resources */ = {isa = PBXBuildFile; fileRef = D37DBCDE21BB3B99007AF34A /* Piano.aiff */; };
		D37DBCE421BB3D16007AF34A /* Violin.aiff in Resources */ = {isa = PBXBuildFile; fileRef = D37DBCE021BB3D15007AF34A /* Violin.aiff */; };
		D37DBCE521BB3D16007AF34A /* Guitar.aiff in Resources */ = {isa = PBXBuildFile; fileRef = D37DBCE121BB3D16007AF34A /* Guitar.aiff */; };
		D37DBCE621BB3D16007AF34A /* Blues.aiff in Resources */ = {isa = PBXBuildFile; fileRef = D37DBCE221BB3D16007AF34A /* Blues.aiff */; };
		D37DBCE721BB3D16007AF34A /* Electronic.aiff in Resources */ = {isa = PBXBuildFile; fileRef = D37DBCE321BB3D16007AF34A /* Electronic.aiff */; };
		D39EEE4421989945000BA373 /* Reminder.storyboard in Resources */ = {isa = PBXBuildFile; fileRef = D39EEE4321989945000BA373 /* Reminder.storyboard */; };
		D3B14B0921797CD6002B91F6 /* Sleep.storyboard in Resources */ = {isa = PBXBuildFile; fileRef = D3B14B0721797CD6002B91F6 /* Sleep.storyboard */; };
		D3B14B0F217A3853002B91F6 /* wakeupViewController.swift in Sources */ = {isa = PBXBuildFile; fileRef = D3B14B0E217A3853002B91F6 /* wakeupViewController.swift */; };
		D3B14B11217A605B002B91F6 /* buttonView.xib in Resources */ = {isa = PBXBuildFile; fileRef = D3B14B10217A605B002B91F6 /* buttonView.xib */; };
		D3B14B13217A6082002B91F6 /* buttonView.swift in Sources */ = {isa = PBXBuildFile; fileRef = D3B14B12217A6082002B91F6 /* buttonView.swift */; };
		D3B14B15217A66ED002B91F6 /* sleepParentViewController.swift in Sources */ = {isa = PBXBuildFile; fileRef = D3B14B14217A66ED002B91F6 /* sleepParentViewController.swift */; };
		D3B14B18217AA5E4002B91F6 /* Roboto-Medium.ttf in Resources */ = {isa = PBXBuildFile; fileRef = D3B14B17217AA5E4002B91F6 /* Roboto-Medium.ttf */; };
		D3B14B1A217AA91A002B91F6 /* MontserratAlternates-Regular.otf in Resources */ = {isa = PBXBuildFile; fileRef = D3B14B19217AA91A002B91F6 /* MontserratAlternates-Regular.otf */; };
		D3B14B1C217AB0C5002B91F6 /* sleepDurationViewController.swift in Sources */ = {isa = PBXBuildFile; fileRef = D3B14B1B217AB0C5002B91F6 /* sleepDurationViewController.swift */; };
		D3E32BEF219E667D00F2C02A /* Summary.storyboard in Resources */ = {isa = PBXBuildFile; fileRef = D3E32BEE219E667D00F2C02A /* Summary.storyboard */; };
/* End PBXBuildFile section */

/* Begin PBXContainerItemProxy section */
		6F8F045C218AAB0200D4C8EB /* PBXContainerItemProxy */ = {
			isa = PBXContainerItemProxy;
			containerPortal = 6F8F0457218AAB0200D4C8EB /* Charts.xcodeproj */;
			proxyType = 2;
			remoteGlobalIDString = 65AD9E95D9ED4DC0BD73A743;
			remoteInfo = Charts;
		};
		6F8F045E218AAB0200D4C8EB /* PBXContainerItemProxy */ = {
			isa = PBXContainerItemProxy;
			containerPortal = 6F8F0457218AAB0200D4C8EB /* Charts.xcodeproj */;
			proxyType = 2;
			remoteGlobalIDString = 1CBBC58C6CE1EBEE9852CE41;
			remoteInfo = ChartsTests;
		};
		6F8F0462218AAB2800D4C8EB /* PBXContainerItemProxy */ = {
			isa = PBXContainerItemProxy;
			containerPortal = 6F8F0457218AAB0200D4C8EB /* Charts.xcodeproj */;
			proxyType = 1;
			remoteGlobalIDString = A58A4ED274A941CA248EA921;
			remoteInfo = Charts;
		};
		C6F597902176C8AF003592C3 /* PBXContainerItemProxy */ = {
			isa = PBXContainerItemProxy;
			containerPortal = C6F597732176C8AE003592C3 /* Project object */;
			proxyType = 1;
			remoteGlobalIDString = C6F5977A2176C8AE003592C3;
			remoteInfo = SleepAP;
		};
		C6F5979B2176C8AF003592C3 /* PBXContainerItemProxy */ = {
			isa = PBXContainerItemProxy;
			containerPortal = C6F597732176C8AE003592C3 /* Project object */;
			proxyType = 1;
			remoteGlobalIDString = C6F5977A2176C8AE003592C3;
			remoteInfo = SleepAP;
		};
/* End PBXContainerItemProxy section */

/* Begin PBXCopyFilesBuildPhase section */
		6F8F0464218AAB2800D4C8EB /* Embed Frameworks */ = {
			isa = PBXCopyFilesBuildPhase;
			buildActionMask = 2147483647;
			dstPath = "";
			dstSubfolderSpec = 10;
			files = (
				6F8F0461218AAB2800D4C8EB /* Charts.framework in Embed Frameworks */,
			);
			name = "Embed Frameworks";
			runOnlyForDeploymentPostprocessing = 0;
		};
/* End PBXCopyFilesBuildPhase section */

/* Begin PBXFileReference section */
		11F27F08845957DF156F2847 /* Pods-SleepAPUITests.release.xcconfig */ = {isa = PBXFileReference; includeInIndex = 1; lastKnownFileType = text.xcconfig; name = "Pods-SleepAPUITests.release.xcconfig"; path = "Pods/Target Support Files/Pods-SleepAPUITests/Pods-SleepAPUITests.release.xcconfig"; sourceTree = "<group>"; };
		4CECD1D14C9913763932AE4F /* Pods-SleepAPUITests.debug.xcconfig */ = {isa = PBXFileReference; includeInIndex = 1; lastKnownFileType = text.xcconfig; name = "Pods-SleepAPUITests.debug.xcconfig"; path = "Pods/Target Support Files/Pods-SleepAPUITests/Pods-SleepAPUITests.debug.xcconfig"; sourceTree = "<group>"; };
		4FDB393460CD8643CBDBCDD8 /* Pods_SleepAPUITests.framework */ = {isa = PBXFileReference; explicitFileType = wrapper.framework; includeInIndex = 0; path = Pods_SleepAPUITests.framework; sourceTree = BUILT_PRODUCTS_DIR; };
		57B78463B6C9E775DC228544 /* Pods-SleepAPTests.release.xcconfig */ = {isa = PBXFileReference; includeInIndex = 1; lastKnownFileType = text.xcconfig; name = "Pods-SleepAPTests.release.xcconfig"; path = "Pods/Target Support Files/Pods-SleepAPTests/Pods-SleepAPTests.release.xcconfig"; sourceTree = "<group>"; };
		6F8F043F21864A2400D4C8EB /* summaryViewController.swift */ = {isa = PBXFileReference; lastKnownFileType = sourcecode.swift; path = summaryViewController.swift; sourceTree = "<group>"; };
		6F8F0457218AAB0200D4C8EB /* Charts.xcodeproj */ = {isa = PBXFileReference; lastKnownFileType = "wrapper.pb-project"; name = Charts.xcodeproj; path = "Charts-3.2.1/Charts.xcodeproj"; sourceTree = "<group>"; };
		70E754EA466C3BF54BAC8BA2 /* Pods-SleepAP.debug.xcconfig */ = {isa = PBXFileReference; includeInIndex = 1; lastKnownFileType = text.xcconfig; name = "Pods-SleepAP.debug.xcconfig"; path = "Pods/Target Support Files/Pods-SleepAP/Pods-SleepAP.debug.xcconfig"; sourceTree = "<group>"; };
		726F812CCF914C248883962C /* Pods-SleepAPTests.debug.xcconfig */ = {isa = PBXFileReference; includeInIndex = 1; lastKnownFileType = text.xcconfig; name = "Pods-SleepAPTests.debug.xcconfig"; path = "Pods/Target Support Files/Pods-SleepAPTests/Pods-SleepAPTests.debug.xcconfig"; sourceTree = "<group>"; };
		822A3AD7704DAF26EE878169 /* Pods_SleepAPTests.framework */ = {isa = PBXFileReference; explicitFileType = wrapper.framework; includeInIndex = 0; path = Pods_SleepAPTests.framework; sourceTree = BUILT_PRODUCTS_DIR; };
		C126C6D421855B580039C374 /* RegisterViewController.swift */ = {isa = PBXFileReference; lastKnownFileType = sourcecode.swift; path = RegisterViewController.swift; sourceTree = "<group>"; };
		C6F5977B2176C8AE003592C3 /* SleepAP.app */ = {isa = PBXFileReference; explicitFileType = wrapper.application; includeInIndex = 0; path = SleepAP.app; sourceTree = BUILT_PRODUCTS_DIR; };
		C6F5977E2176C8AE003592C3 /* AppDelegate.swift */ = {isa = PBXFileReference; lastKnownFileType = sourcecode.swift; path = AppDelegate.swift; sourceTree = "<group>"; };
		C6F597802176C8AE003592C3 /* loginViewController.swift */ = {isa = PBXFileReference; lastKnownFileType = sourcecode.swift; path = loginViewController.swift; sourceTree = "<group>"; };
		C6F597832176C8AE003592C3 /* Base */ = {isa = PBXFileReference; lastKnownFileType = file.storyboard; name = Base; path = Base.lproj/Login.storyboard; sourceTree = "<group>"; };
		C6F597882176C8AF003592C3 /* Base */ = {isa = PBXFileReference; lastKnownFileType = file.storyboard; name = Base; path = Base.lproj/LaunchScreen.storyboard; sourceTree = "<group>"; };
		C6F5978A2176C8AF003592C3 /* Info.plist */ = {isa = PBXFileReference; lastKnownFileType = text.plist.xml; path = Info.plist; sourceTree = "<group>"; };
		C6F5978F2176C8AF003592C3 /* SleepAPTests.xctest */ = {isa = PBXFileReference; explicitFileType = wrapper.cfbundle; includeInIndex = 0; path = SleepAPTests.xctest; sourceTree = BUILT_PRODUCTS_DIR; };
		C6F597932176C8AF003592C3 /* SleepAPTests.swift */ = {isa = PBXFileReference; lastKnownFileType = sourcecode.swift; path = SleepAPTests.swift; sourceTree = "<group>"; };
		C6F597952176C8AF003592C3 /* Info.plist */ = {isa = PBXFileReference; lastKnownFileType = text.plist.xml; path = Info.plist; sourceTree = "<group>"; };
		C6F5979A2176C8AF003592C3 /* SleepAPUITests.xctest */ = {isa = PBXFileReference; explicitFileType = wrapper.cfbundle; includeInIndex = 0; path = SleepAPUITests.xctest; sourceTree = BUILT_PRODUCTS_DIR; };
		C6F5979E2176C8AF003592C3 /* SleepAPUITests.swift */ = {isa = PBXFileReference; lastKnownFileType = sourcecode.swift; path = SleepAPUITests.swift; sourceTree = "<group>"; };
		C6F597A02176C8AF003592C3 /* Info.plist */ = {isa = PBXFileReference; lastKnownFileType = text.plist.xml; path = Info.plist; sourceTree = "<group>"; };
		D312C74F219B42F2009ECB85 /* District.ttf */ = {isa = PBXFileReference; lastKnownFileType = file; path = District.ttf; sourceTree = "<group>"; };
		D312C751219B43BC009ECB85 /* recordSummaryParentViewController.swift */ = {isa = PBXFileReference; lastKnownFileType = sourcecode.swift; path = recordSummaryParentViewController.swift; sourceTree = "<group>"; };
		D31FA02A218631D5005B30B0 /* SleepNavigationViewController.swift */ = {isa = PBXFileReference; lastKnownFileType = sourcecode.swift; path = SleepNavigationViewController.swift; sourceTree = "<group>"; };
		D32D2E5721989B1E005446E0 /* ReminderNavigationViewController.swift */ = {isa = PBXFileReference; lastKnownFileType = sourcecode.swift; path = ReminderNavigationViewController.swift; sourceTree = "<group>"; };
		D32D2E5A21989C62005446E0 /* reminderTimeViewController.swift */ = {isa = PBXFileReference; lastKnownFileType = sourcecode.swift; path = reminderTimeViewController.swift; sourceTree = "<group>"; };
		D32D2E5E2198AD38005446E0 /* Quicksand-Bold.otf */ = {isa = PBXFileReference; lastKnownFileType = file; path = "Quicksand-Bold.otf"; sourceTree = "<group>"; };
		D32D2E602198ADD4005446E0 /* Quicksand-Regular.otf */ = {isa = PBXFileReference; lastKnownFileType = file; path = "Quicksand-Regular.otf"; sourceTree = "<group>"; };
		D32D2E642198EFDE005446E0 /* Assets.xcassets */ = {isa = PBXFileReference; lastKnownFileType = folder.assetcatalog; path = Assets.xcassets; sourceTree = "<group>"; };
		D32D2E6621992B96005446E0 /* sleepStartTimeViewController.swift */ = {isa = PBXFileReference; lastKnownFileType = sourcecode.swift; path = sleepStartTimeViewController.swift; sourceTree = "<group>"; };
		D32D2E68219934FE005446E0 /* Globals.swift */ = {isa = PBXFileReference; lastKnownFileType = sourcecode.swift; path = Globals.swift; sourceTree = "<group>"; };
		D33270ED217BCE1000E0CC79 /* Record.storyboard */ = {isa = PBXFileReference; lastKnownFileType = file.storyboard; path = Record.storyboard; sourceTree = "<group>"; };
		D33270EF217BD2B500E0CC79 /* Main.storyboard */ = {isa = PBXFileReference; lastKnownFileType = file.storyboard; path = Main.storyboard; sourceTree = "<group>"; };
		D33270F3217BD5B900E0CC79 /* recordViewController.swift */ = {isa = PBXFileReference; lastKnownFileType = sourcecode.swift; path = recordViewController.swift; sourceTree = "<group>"; };
		D33270F9217BDDF400E0CC79 /* Chalkduster.ttf */ = {isa = PBXFileReference; lastKnownFileType = file; path = Chalkduster.ttf; sourceTree = "<group>"; };
		D33270FB217CA6F500E0CC79 /* customSlider.swift */ = {isa = PBXFileReference; lastKnownFileType = sourcecode.swift; name = customSlider.swift; path = SleepAP/View/customSlider.swift; sourceTree = SOURCE_ROOT; };
		D3327101217CBDBC00E0CC79 /* recordTableItemModel.swift */ = {isa = PBXFileReference; lastKnownFileType = sourcecode.swift; path = recordTableItemModel.swift; sourceTree = "<group>"; };
		D3327103217D189B00E0CC79 /* Constants.swift */ = {isa = PBXFileReference; lastKnownFileType = sourcecode.swift; path = Constants.swift; sourceTree = "<group>"; };
		D3327105217D1B0C00E0CC79 /* Extensions.swift */ = {isa = PBXFileReference; lastKnownFileType = sourcecode.swift; path = Extensions.swift; sourceTree = "<group>"; };
		D3327107217D524A00E0CC79 /* beginSleepViewController.swift */ = {isa = PBXFileReference; fileEncoding = 4; lastKnownFileType = sourcecode.swift; path = beginSleepViewController.swift; sourceTree = "<group>"; };
		D37DBCC921BA1FD9007AF34A /* sleepEndTimeViewController.swift */ = {isa = PBXFileReference; lastKnownFileType = sourcecode.swift; path = sleepEndTimeViewController.swift; sourceTree = "<group>"; };
		D37DBCD221BB1080007AF34A /* FiraSansCondensed-UltraLight.otf */ = {isa = PBXFileReference; lastKnownFileType = file; path = "FiraSansCondensed-UltraLight.otf"; sourceTree = "<group>"; };
		D37DBCDE21BB3B99007AF34A /* Piano.aiff */ = {isa = PBXFileReference; lastKnownFileType = audio.aiff; path = Piano.aiff; sourceTree = "<group>"; };
		D37DBCE021BB3D15007AF34A /* Violin.aiff */ = {isa = PBXFileReference; lastKnownFileType = audio.aiff; path = Violin.aiff; sourceTree = "<group>"; };
		D37DBCE121BB3D16007AF34A /* Guitar.aiff */ = {isa = PBXFileReference; lastKnownFileType = audio.aiff; path = Guitar.aiff; sourceTree = "<group>"; };
		D37DBCE221BB3D16007AF34A /* Blues.aiff */ = {isa = PBXFileReference; lastKnownFileType = audio.aiff; path = Blues.aiff; sourceTree = "<group>"; };
		D37DBCE321BB3D16007AF34A /* Electronic.aiff */ = {isa = PBXFileReference; lastKnownFileType = audio.aiff; path = Electronic.aiff; sourceTree = "<group>"; };
		D39EEE4321989945000BA373 /* Reminder.storyboard */ = {isa = PBXFileReference; lastKnownFileType = file.storyboard; path = Reminder.storyboard; sourceTree = "<group>"; };
		D3B14B0821797CD6002B91F6 /* Base */ = {isa = PBXFileReference; lastKnownFileType = file.storyboard; name = Base; path = Base.lproj/Sleep.storyboard; sourceTree = "<group>"; };
		D3B14B0E217A3853002B91F6 /* wakeupViewController.swift */ = {isa = PBXFileReference; lastKnownFileType = sourcecode.swift; path = wakeupViewController.swift; sourceTree = "<group>"; };
		D3B14B10217A605B002B91F6 /* buttonView.xib */ = {isa = PBXFileReference; lastKnownFileType = file.xib; path = buttonView.xib; sourceTree = "<group>"; };
		D3B14B12217A6082002B91F6 /* buttonView.swift */ = {isa = PBXFileReference; lastKnownFileType = sourcecode.swift; path = buttonView.swift; sourceTree = "<group>"; };
		D3B14B14217A66ED002B91F6 /* sleepParentViewController.swift */ = {isa = PBXFileReference; lastKnownFileType = sourcecode.swift; path = sleepParentViewController.swift; sourceTree = "<group>"; };
		D3B14B17217AA5E4002B91F6 /* Roboto-Medium.ttf */ = {isa = PBXFileReference; lastKnownFileType = file; path = "Roboto-Medium.ttf"; sourceTree = "<group>"; };
		D3B14B19217AA91A002B91F6 /* MontserratAlternates-Regular.otf */ = {isa = PBXFileReference; lastKnownFileType = file; path = "MontserratAlternates-Regular.otf"; sourceTree = "<group>"; };
		D3B14B1B217AB0C5002B91F6 /* sleepDurationViewController.swift */ = {isa = PBXFileReference; lastKnownFileType = sourcecode.swift; path = sleepDurationViewController.swift; sourceTree = "<group>"; };
		D3E32BEE219E667D00F2C02A /* Summary.storyboard */ = {isa = PBXFileReference; fileEncoding = 4; lastKnownFileType = file.storyboard; path = Summary.storyboard; sourceTree = "<group>"; };
		E8649FFE3845830806EEE3B8 /* Pods-SleepAP.release.xcconfig */ = {isa = PBXFileReference; includeInIndex = 1; lastKnownFileType = text.xcconfig; name = "Pods-SleepAP.release.xcconfig"; path = "Pods/Target Support Files/Pods-SleepAP/Pods-SleepAP.release.xcconfig"; sourceTree = "<group>"; };
		F47D98F4B02F42C8FD42348E /* Pods_SleepAP.framework */ = {isa = PBXFileReference; explicitFileType = wrapper.framework; includeInIndex = 0; path = Pods_SleepAP.framework; sourceTree = BUILT_PRODUCTS_DIR; };
/* End PBXFileReference section */

/* Begin PBXFrameworksBuildPhase section */
		C6F597782176C8AE003592C3 /* Frameworks */ = {
			isa = PBXFrameworksBuildPhase;
			buildActionMask = 2147483647;
			files = (
				3F7A9A940D2E9EC734B6593D /* Pods_SleepAP.framework in Frameworks */,
				6F8F0460218AAB2800D4C8EB /* Charts.framework in Frameworks */,
			);
			runOnlyForDeploymentPostprocessing = 0;
		};
		C6F5978C2176C8AF003592C3 /* Frameworks */ = {
			isa = PBXFrameworksBuildPhase;
			buildActionMask = 2147483647;
			files = (
				1FCE016B8F3D50426FD55230 /* Pods_SleepAPTests.framework in Frameworks */,
			);
			runOnlyForDeploymentPostprocessing = 0;
		};
		C6F597972176C8AF003592C3 /* Frameworks */ = {
			isa = PBXFrameworksBuildPhase;
			buildActionMask = 2147483647;
			files = (
				47DF0B15BA1622061F7DBC92 /* Pods_SleepAPUITests.framework in Frameworks */,
			);
			runOnlyForDeploymentPostprocessing = 0;
		};
/* End PBXFrameworksBuildPhase section */

/* Begin PBXGroup section */
		6F8F0458218AAB0200D4C8EB /* Products */ = {
			isa = PBXGroup;
			children = (
				6F8F045D218AAB0200D4C8EB /* Charts.framework */,
				6F8F045F218AAB0200D4C8EB /* ChartsTests.xctest */,
			);
			name = Products;
			sourceTree = "<group>";
		};
		70BED84E1B7FF53D5DCE3905 /* Frameworks */ = {
			isa = PBXGroup;
			children = (
				F47D98F4B02F42C8FD42348E /* Pods_SleepAP.framework */,
				822A3AD7704DAF26EE878169 /* Pods_SleepAPTests.framework */,
				4FDB393460CD8643CBDBCDD8 /* Pods_SleepAPUITests.framework */,
			);
			name = Frameworks;
			sourceTree = "<group>";
		};
		C6F597722176C8AE003592C3 = {
			isa = PBXGroup;
			children = (
				C6F5977D2176C8AE003592C3 /* SleepAP */,
				6F8F0457218AAB0200D4C8EB /* Charts.xcodeproj */,
				C6F597922176C8AF003592C3 /* SleepAPTests */,
				C6F5979D2176C8AF003592C3 /* SleepAPUITests */,
				C6F5977C2176C8AE003592C3 /* Products */,
				E32638FB6CC91961824711C7 /* Pods */,
				70BED84E1B7FF53D5DCE3905 /* Frameworks */,
			);
			sourceTree = "<group>";
		};
		C6F5977C2176C8AE003592C3 /* Products */ = {
			isa = PBXGroup;
			children = (
				C6F5977B2176C8AE003592C3 /* SleepAP.app */,
				C6F5978F2176C8AF003592C3 /* SleepAPTests.xctest */,
				C6F5979A2176C8AF003592C3 /* SleepAPUITests.xctest */,
			);
			name = Products;
			sourceTree = "<group>";
		};
		C6F5977D2176C8AE003592C3 /* SleepAP */ = {
			isa = PBXGroup;
			children = (
				D3B14B16217AA577002B91F6 /* Resources */,
				D33270FF217CBD6900E0CC79 /* View */,
				D3327100217CBD9B00E0CC79 /* Model */,
				C6F5978A2176C8AF003592C3 /* Info.plist */,
				D32D2E642198EFDE005446E0 /* Assets.xcassets */,
			);
			path = SleepAP;
			sourceTree = "<group>";
		};
		C6F597922176C8AF003592C3 /* SleepAPTests */ = {
			isa = PBXGroup;
			children = (
				C6F597932176C8AF003592C3 /* SleepAPTests.swift */,
				C6F597952176C8AF003592C3 /* Info.plist */,
			);
			path = SleepAPTests;
			sourceTree = "<group>";
		};
		C6F5979D2176C8AF003592C3 /* SleepAPUITests */ = {
			isa = PBXGroup;
			children = (
				C6F5979E2176C8AF003592C3 /* SleepAPUITests.swift */,
				C6F597A02176C8AF003592C3 /* Info.plist */,
			);
			path = SleepAPUITests;
			sourceTree = "<group>";
		};
		D33270FF217CBD6900E0CC79 /* View */ = {
			isa = PBXGroup;
			children = (
				C6F5977E2176C8AE003592C3 /* AppDelegate.swift */,
				C6F597872176C8AF003592C3 /* LaunchScreen.storyboard */,
				C6F597822176C8AE003592C3 /* Login.storyboard */,
				C6F597802176C8AE003592C3 /* loginViewController.swift */,
				C126C6D421855B580039C374 /* RegisterViewController.swift */,
				D3B14B0721797CD6002B91F6 /* Sleep.storyboard */,
				D3B14B12217A6082002B91F6 /* buttonView.swift */,
				D3B14B14217A66ED002B91F6 /* sleepParentViewController.swift */,
				D31FA02A218631D5005B30B0 /* SleepNavigationViewController.swift */,
				D3327107217D524A00E0CC79 /* beginSleepViewController.swift */,
				D3B14B0E217A3853002B91F6 /* wakeupViewController.swift */,
				D3B14B1B217AB0C5002B91F6 /* sleepDurationViewController.swift */,
				D32D2E6621992B96005446E0 /* sleepStartTimeViewController.swift */,
				D37DBCC921BA1FD9007AF34A /* sleepEndTimeViewController.swift */,
				D3E32BEE219E667D00F2C02A /* Summary.storyboard */,
				6F8F043F21864A2400D4C8EB /* summaryViewController.swift */,
				D33270ED217BCE1000E0CC79 /* Record.storyboard */,
				D312C751219B43BC009ECB85 /* recordSummaryParentViewController.swift */,
				D33270FB217CA6F500E0CC79 /* customSlider.swift */,
				D33270F3217BD5B900E0CC79 /* recordViewController.swift */,
				D39EEE4321989945000BA373 /* Reminder.storyboard */,
				D32D2E5A21989C62005446E0 /* reminderTimeViewController.swift */,
				D32D2E5721989B1E005446E0 /* ReminderNavigationViewController.swift */,
				D33270EF217BD2B500E0CC79 /* Main.storyboard */,
				D32D2E68219934FE005446E0 /* Globals.swift */,
				D3327103217D189B00E0CC79 /* Constants.swift */,
				D3327105217D1B0C00E0CC79 /* Extensions.swift */,
			);
			path = View;
			sourceTree = "<group>";
		};
		D3327100217CBD9B00E0CC79 /* Model */ = {
			isa = PBXGroup;
			children = (
				D3327101217CBDBC00E0CC79 /* recordTableItemModel.swift */,
			);
			path = Model;
			sourceTree = "<group>";
		};
		D3B14B16217AA577002B91F6 /* Resources */ = {
			isa = PBXGroup;
			children = (
				D37DBCE221BB3D16007AF34A /* Blues.aiff */,
				D37DBCE321BB3D16007AF34A /* Electronic.aiff */,
				D37DBCE121BB3D16007AF34A /* Guitar.aiff */,
				D37DBCE021BB3D15007AF34A /* Violin.aiff */,
				D37DBCDE21BB3B99007AF34A /* Piano.aiff */,
				D37DBCD221BB1080007AF34A /* FiraSansCondensed-UltraLight.otf */,
				D312C74F219B42F2009ECB85 /* District.ttf */,
				D32D2E602198ADD4005446E0 /* Quicksand-Regular.otf */,
				D32D2E5E2198AD38005446E0 /* Quicksand-Bold.otf */,
				D33270F9217BDDF400E0CC79 /* Chalkduster.ttf */,
				D3B14B19217AA91A002B91F6 /* MontserratAlternates-Regular.otf */,
				D3B14B17217AA5E4002B91F6 /* Roboto-Medium.ttf */,
				D3B14B10217A605B002B91F6 /* buttonView.xib */,
			);
			path = Resources;
			sourceTree = "<group>";
		};
		E32638FB6CC91961824711C7 /* Pods */ = {
			isa = PBXGroup;
			children = (
				70E754EA466C3BF54BAC8BA2 /* Pods-SleepAP.debug.xcconfig */,
				E8649FFE3845830806EEE3B8 /* Pods-SleepAP.release.xcconfig */,
				726F812CCF914C248883962C /* Pods-SleepAPTests.debug.xcconfig */,
				57B78463B6C9E775DC228544 /* Pods-SleepAPTests.release.xcconfig */,
				4CECD1D14C9913763932AE4F /* Pods-SleepAPUITests.debug.xcconfig */,
				11F27F08845957DF156F2847 /* Pods-SleepAPUITests.release.xcconfig */,
			);
			name = Pods;
			sourceTree = "<group>";
		};
/* End PBXGroup section */

/* Begin PBXNativeTarget section */
		C6F5977A2176C8AE003592C3 /* SleepAP */ = {
			isa = PBXNativeTarget;
			buildConfigurationList = C6F597A32176C8AF003592C3 /* Build configuration list for PBXNativeTarget "SleepAP" */;
			buildPhases = (
				420408B9CF475E9D26AF495F /* [CP] Check Pods Manifest.lock */,
				C6F597772176C8AE003592C3 /* Sources */,
				C6F597782176C8AE003592C3 /* Frameworks */,
				C6F597792176C8AE003592C3 /* Resources */,
				B2A700FC7CB832421CBA00DA /* [CP] Embed Pods Frameworks */,
				6F8F0464218AAB2800D4C8EB /* Embed Frameworks */,
			);
			buildRules = (
			);
			dependencies = (
				6F8F0463218AAB2800D4C8EB /* PBXTargetDependency */,
			);
			name = SleepAP;
			productName = SleepAP;
			productReference = C6F5977B2176C8AE003592C3 /* SleepAP.app */;
			productType = "com.apple.product-type.application";
		};
		C6F5978E2176C8AF003592C3 /* SleepAPTests */ = {
			isa = PBXNativeTarget;
			buildConfigurationList = C6F597A62176C8AF003592C3 /* Build configuration list for PBXNativeTarget "SleepAPTests" */;
			buildPhases = (
				18D9263DCF430B0455AC38E6 /* [CP] Check Pods Manifest.lock */,
				C6F5978B2176C8AF003592C3 /* Sources */,
				C6F5978C2176C8AF003592C3 /* Frameworks */,
				C6F5978D2176C8AF003592C3 /* Resources */,
				AD180105D6199528BA439F9E /* [CP] Embed Pods Frameworks */,
			);
			buildRules = (
			);
			dependencies = (
				C6F597912176C8AF003592C3 /* PBXTargetDependency */,
			);
			name = SleepAPTests;
			productName = SleepAPTests;
			productReference = C6F5978F2176C8AF003592C3 /* SleepAPTests.xctest */;
			productType = "com.apple.product-type.bundle.unit-test";
		};
		C6F597992176C8AF003592C3 /* SleepAPUITests */ = {
			isa = PBXNativeTarget;
			buildConfigurationList = C6F597A92176C8AF003592C3 /* Build configuration list for PBXNativeTarget "SleepAPUITests" */;
			buildPhases = (
				5BBE8E8E82650BB5DA98F70A /* [CP] Check Pods Manifest.lock */,
				C6F597962176C8AF003592C3 /* Sources */,
				C6F597972176C8AF003592C3 /* Frameworks */,
				C6F597982176C8AF003592C3 /* Resources */,
				65077D0D6ACA6B01DD2FDDBB /* [CP] Embed Pods Frameworks */,
			);
			buildRules = (
			);
			dependencies = (
				C6F5979C2176C8AF003592C3 /* PBXTargetDependency */,
			);
			name = SleepAPUITests;
			productName = SleepAPUITests;
			productReference = C6F5979A2176C8AF003592C3 /* SleepAPUITests.xctest */;
			productType = "com.apple.product-type.bundle.ui-testing";
		};
/* End PBXNativeTarget section */

/* Begin PBXProject section */
		C6F597732176C8AE003592C3 /* Project object */ = {
			isa = PBXProject;
			attributes = {
				LastSwiftUpdateCheck = 1000;
				LastUpgradeCheck = 1000;
				ORGANIZATIONNAME = "Wu, Tianyuan";
				TargetAttributes = {
					C6F5977A2176C8AE003592C3 = {
						CreatedOnToolsVersion = 10.0;
						ProvisioningStyle = Automatic;
					};
					C6F5978E2176C8AF003592C3 = {
						CreatedOnToolsVersion = 10.0;
						ProvisioningStyle = Automatic;
						TestTargetID = C6F5977A2176C8AE003592C3;
					};
					C6F597992176C8AF003592C3 = {
						CreatedOnToolsVersion = 10.0;
						ProvisioningStyle = Automatic;
						TestTargetID = C6F5977A2176C8AE003592C3;
					};
				};
			};
			buildConfigurationList = C6F597762176C8AE003592C3 /* Build configuration list for PBXProject "SleepAP" */;
			compatibilityVersion = "Xcode 8.0";
			developmentRegion = en;
			hasScannedForEncodings = 0;
			knownRegions = (
				en,
				Base,
			);
			mainGroup = C6F597722176C8AE003592C3;
			productRefGroup = C6F5977C2176C8AE003592C3 /* Products */;
			projectDirPath = "";
			projectReferences = (
				{
					ProductGroup = 6F8F0458218AAB0200D4C8EB /* Products */;
					ProjectRef = 6F8F0457218AAB0200D4C8EB /* Charts.xcodeproj */;
				},
			);
			projectRoot = "";
			targets = (
				C6F5977A2176C8AE003592C3 /* SleepAP */,
				C6F5978E2176C8AF003592C3 /* SleepAPTests */,
				C6F597992176C8AF003592C3 /* SleepAPUITests */,
			);
		};
/* End PBXProject section */

/* Begin PBXReferenceProxy section */
		6F8F045D218AAB0200D4C8EB /* Charts.framework */ = {
			isa = PBXReferenceProxy;
			fileType = wrapper.framework;
			path = Charts.framework;
			remoteRef = 6F8F045C218AAB0200D4C8EB /* PBXContainerItemProxy */;
			sourceTree = BUILT_PRODUCTS_DIR;
		};
		6F8F045F218AAB0200D4C8EB /* ChartsTests.xctest */ = {
			isa = PBXReferenceProxy;
			fileType = wrapper.cfbundle;
			path = ChartsTests.xctest;
			remoteRef = 6F8F045E218AAB0200D4C8EB /* PBXContainerItemProxy */;
			sourceTree = BUILT_PRODUCTS_DIR;
		};
/* End PBXReferenceProxy section */

/* Begin PBXResourcesBuildPhase section */
		C6F597792176C8AE003592C3 /* Resources */ = {
			isa = PBXResourcesBuildPhase;
			buildActionMask = 2147483647;
			files = (
				C6F597892176C8AF003592C3 /* LaunchScreen.storyboard in Resources */,
				D37DBCE721BB3D16007AF34A /* Electronic.aiff in Resources */,
				D37DBCE621BB3D16007AF34A /* Blues.aiff in Resources */,
				D37DBCE421BB3D16007AF34A /* Violin.aiff in Resources */,
				D3B14B18217AA5E4002B91F6 /* Roboto-Medium.ttf in Resources */,
				D3B14B1A217AA91A002B91F6 /* MontserratAlternates-Regular.otf in Resources */,
				D32D2E612198ADD4005446E0 /* Quicksand-Regular.otf in Resources */,
				D3E32BEF219E667D00F2C02A /* Summary.storyboard in Resources */,
				D32D2E652198EFDE005446E0 /* Assets.xcassets in Resources */,
				C6F597842176C8AE003592C3 /* Login.storyboard in Resources */,
				D37DBCD321BB1080007AF34A /* FiraSansCondensed-UltraLight.otf in Resources */,
				D37DBCDF21BB3B99007AF34A /* Piano.aiff in Resources */,
				D3B14B11217A605B002B91F6 /* buttonView.xib in Resources */,
				D33270FA217BDDF500E0CC79 /* Chalkduster.ttf in Resources */,
				D33270F0217BD2B500E0CC79 /* Main.storyboard in Resources */,
				D39EEE4421989945000BA373 /* Reminder.storyboard in Resources */,
				D32D2E5F2198AD38005446E0 /* Quicksand-Bold.otf in Resources */,
				D3B14B0921797CD6002B91F6 /* Sleep.storyboard in Resources */,
				D33270EE217BCE1000E0CC79 /* Record.storyboard in Resources */,
				D312C750219B42F2009ECB85 /* District.ttf in Resources */,
				D37DBCE521BB3D16007AF34A /* Guitar.aiff in Resources */,
			);
			runOnlyForDeploymentPostprocessing = 0;
		};
		C6F5978D2176C8AF003592C3 /* Resources */ = {
			isa = PBXResourcesBuildPhase;
			buildActionMask = 2147483647;
			files = (
			);
			runOnlyForDeploymentPostprocessing = 0;
		};
		C6F597982176C8AF003592C3 /* Resources */ = {
			isa = PBXResourcesBuildPhase;
			buildActionMask = 2147483647;
			files = (
			);
			runOnlyForDeploymentPostprocessing = 0;
		};
/* End PBXResourcesBuildPhase section */

/* Begin PBXShellScriptBuildPhase section */
		18D9263DCF430B0455AC38E6 /* [CP] Check Pods Manifest.lock */ = {
			isa = PBXShellScriptBuildPhase;
			buildActionMask = 2147483647;
			files = (
			);
			inputPaths = (
				"${PODS_PODFILE_DIR_PATH}/Podfile.lock",
				"${PODS_ROOT}/Manifest.lock",
			);
			name = "[CP] Check Pods Manifest.lock";
			outputPaths = (
				"$(DERIVED_FILE_DIR)/Pods-SleepAPTests-checkManifestLockResult.txt",
			);
			runOnlyForDeploymentPostprocessing = 0;
			shellPath = /bin/sh;
			shellScript = "diff \"${PODS_PODFILE_DIR_PATH}/Podfile.lock\" \"${PODS_ROOT}/Manifest.lock\" > /dev/null\nif [ $? != 0 ] ; then\n    # print error to STDERR\n    echo \"error: The sandbox is not in sync with the Podfile.lock. Run 'pod install' or update your CocoaPods installation.\" >&2\n    exit 1\nfi\n# This output is used by Xcode 'outputs' to avoid re-running this script phase.\necho \"SUCCESS\" > \"${SCRIPT_OUTPUT_FILE_0}\"\n";
			showEnvVarsInLog = 0;
		};
		420408B9CF475E9D26AF495F /* [CP] Check Pods Manifest.lock */ = {
			isa = PBXShellScriptBuildPhase;
			buildActionMask = 2147483647;
			files = (
			);
			inputPaths = (
				"${PODS_PODFILE_DIR_PATH}/Podfile.lock",
				"${PODS_ROOT}/Manifest.lock",
			);
			name = "[CP] Check Pods Manifest.lock";
			outputPaths = (
				"$(DERIVED_FILE_DIR)/Pods-SleepAP-checkManifestLockResult.txt",
			);
			runOnlyForDeploymentPostprocessing = 0;
			shellPath = /bin/sh;
			shellScript = "diff \"${PODS_PODFILE_DIR_PATH}/Podfile.lock\" \"${PODS_ROOT}/Manifest.lock\" > /dev/null\nif [ $? != 0 ] ; then\n    # print error to STDERR\n    echo \"error: The sandbox is not in sync with the Podfile.lock. Run 'pod install' or update your CocoaPods installation.\" >&2\n    exit 1\nfi\n# This output is used by Xcode 'outputs' to avoid re-running this script phase.\necho \"SUCCESS\" > \"${SCRIPT_OUTPUT_FILE_0}\"\n";
			showEnvVarsInLog = 0;
		};
		5BBE8E8E82650BB5DA98F70A /* [CP] Check Pods Manifest.lock */ = {
			isa = PBXShellScriptBuildPhase;
			buildActionMask = 2147483647;
			files = (
			);
			inputPaths = (
				"${PODS_PODFILE_DIR_PATH}/Podfile.lock",
				"${PODS_ROOT}/Manifest.lock",
			);
			name = "[CP] Check Pods Manifest.lock";
			outputPaths = (
				"$(DERIVED_FILE_DIR)/Pods-SleepAPUITests-checkManifestLockResult.txt",
			);
			runOnlyForDeploymentPostprocessing = 0;
			shellPath = /bin/sh;
			shellScript = "diff \"${PODS_PODFILE_DIR_PATH}/Podfile.lock\" \"${PODS_ROOT}/Manifest.lock\" > /dev/null\nif [ $? != 0 ] ; then\n    # print error to STDERR\n    echo \"error: The sandbox is not in sync with the Podfile.lock. Run 'pod install' or update your CocoaPods installation.\" >&2\n    exit 1\nfi\n# This output is used by Xcode 'outputs' to avoid re-running this script phase.\necho \"SUCCESS\" > \"${SCRIPT_OUTPUT_FILE_0}\"\n";
			showEnvVarsInLog = 0;
		};
		65077D0D6ACA6B01DD2FDDBB /* [CP] Embed Pods Frameworks */ = {
			isa = PBXShellScriptBuildPhase;
			buildActionMask = 2147483647;
			files = (
			);
			inputPaths = (
				"${SRCROOT}/Pods/Target Support Files/Pods-SleepAPUITests/Pods-SleepAPUITests-frameworks.sh",
				"${BUILT_PRODUCTS_DIR}/Bolts/Bolts.framework",
				"${BUILT_PRODUCTS_DIR}/Parse/Parse.framework",
			);
			name = "[CP] Embed Pods Frameworks";
			outputPaths = (
				"${TARGET_BUILD_DIR}/${FRAMEWORKS_FOLDER_PATH}/Bolts.framework",
				"${TARGET_BUILD_DIR}/${FRAMEWORKS_FOLDER_PATH}/Parse.framework",
			);
			runOnlyForDeploymentPostprocessing = 0;
			shellPath = /bin/sh;
			shellScript = "\"${SRCROOT}/Pods/Target Support Files/Pods-SleepAPUITests/Pods-SleepAPUITests-frameworks.sh\"\n";
			showEnvVarsInLog = 0;
		};
		AD180105D6199528BA439F9E /* [CP] Embed Pods Frameworks */ = {
			isa = PBXShellScriptBuildPhase;
			buildActionMask = 2147483647;
			files = (
			);
			inputPaths = (
				"${SRCROOT}/Pods/Target Support Files/Pods-SleepAPTests/Pods-SleepAPTests-frameworks.sh",
				"${BUILT_PRODUCTS_DIR}/Bolts/Bolts.framework",
				"${BUILT_PRODUCTS_DIR}/Parse/Parse.framework",
			);
			name = "[CP] Embed Pods Frameworks";
			outputPaths = (
				"${TARGET_BUILD_DIR}/${FRAMEWORKS_FOLDER_PATH}/Bolts.framework",
				"${TARGET_BUILD_DIR}/${FRAMEWORKS_FOLDER_PATH}/Parse.framework",
			);
			runOnlyForDeploymentPostprocessing = 0;
			shellPath = /bin/sh;
			shellScript = "\"${SRCROOT}/Pods/Target Support Files/Pods-SleepAPTests/Pods-SleepAPTests-frameworks.sh\"\n";
			showEnvVarsInLog = 0;
		};
		B2A700FC7CB832421CBA00DA /* [CP] Embed Pods Frameworks */ = {
			isa = PBXShellScriptBuildPhase;
			buildActionMask = 2147483647;
			files = (
			);
			inputPaths = (
				"${SRCROOT}/Pods/Target Support Files/Pods-SleepAP/Pods-SleepAP-frameworks.sh",
				"${BUILT_PRODUCTS_DIR}/Bolts/Bolts.framework",
				"${BUILT_PRODUCTS_DIR}/Parse/Parse.framework",
			);
			name = "[CP] Embed Pods Frameworks";
			outputPaths = (
				"${TARGET_BUILD_DIR}/${FRAMEWORKS_FOLDER_PATH}/Bolts.framework",
				"${TARGET_BUILD_DIR}/${FRAMEWORKS_FOLDER_PATH}/Parse.framework",
			);
			runOnlyForDeploymentPostprocessing = 0;
			shellPath = /bin/sh;
			shellScript = "\"${SRCROOT}/Pods/Target Support Files/Pods-SleepAP/Pods-SleepAP-frameworks.sh\"\n";
			showEnvVarsInLog = 0;
		};
/* End PBXShellScriptBuildPhase section */

/* Begin PBXSourcesBuildPhase section */
		C6F597772176C8AE003592C3 /* Sources */ = {
			isa = PBXSourcesBuildPhase;
			buildActionMask = 2147483647;
			files = (
				C6F597812176C8AE003592C3 /* loginViewController.swift in Sources */,
				D3327104217D189B00E0CC79 /* Constants.swift in Sources */,
				D32D2E5B21989C62005446E0 /* reminderTimeViewController.swift in Sources */,
				D32D2E5821989B1E005446E0 /* ReminderNavigationViewController.swift in Sources */,
				D312C752219B43BC009ECB85 /* recordSummaryParentViewController.swift in Sources */,
				D3327108217D524A00E0CC79 /* beginSleepViewController.swift in Sources */,
				D32D2E69219934FE005446E0 /* Globals.swift in Sources */,
				D31FA02B218631D5005B30B0 /* SleepNavigationViewController.swift in Sources */,
				D3327102217CBDBC00E0CC79 /* recordTableItemModel.swift in Sources */,
				D3B14B0F217A3853002B91F6 /* wakeupViewController.swift in Sources */,
				D3B14B15217A66ED002B91F6 /* sleepParentViewController.swift in Sources */,
				D33270FC217CA6F500E0CC79 /* customSlider.swift in Sources */,
				D32D2E6721992B96005446E0 /* sleepStartTimeViewController.swift in Sources */,
				6F8F044021864A2400D4C8EB /* summaryViewController.swift in Sources */,
				D3B14B1C217AB0C5002B91F6 /* sleepDurationViewController.swift in Sources */,
				D3327106217D1B0C00E0CC79 /* Extensions.swift in Sources */,
				D3B14B13217A6082002B91F6 /* buttonView.swift in Sources */,
				C126C6D521855B580039C374 /* RegisterViewController.swift in Sources */,
				D37DBCCA21BA1FD9007AF34A /* sleepEndTimeViewController.swift in Sources */,
				D33270F4217BD5B900E0CC79 /* recordViewController.swift in Sources */,
				C6F5977F2176C8AE003592C3 /* AppDelegate.swift in Sources */,
			);
			runOnlyForDeploymentPostprocessing = 0;
		};
		C6F5978B2176C8AF003592C3 /* Sources */ = {
			isa = PBXSourcesBuildPhase;
			buildActionMask = 2147483647;
			files = (
				C6F597942176C8AF003592C3 /* SleepAPTests.swift in Sources */,
			);
			runOnlyForDeploymentPostprocessing = 0;
		};
		C6F597962176C8AF003592C3 /* Sources */ = {
			isa = PBXSourcesBuildPhase;
			buildActionMask = 2147483647;
			files = (
				C6F5979F2176C8AF003592C3 /* SleepAPUITests.swift in Sources */,
			);
			runOnlyForDeploymentPostprocessing = 0;
		};
/* End PBXSourcesBuildPhase section */

/* Begin PBXTargetDependency section */
		6F8F0463218AAB2800D4C8EB /* PBXTargetDependency */ = {
			isa = PBXTargetDependency;
			name = Charts;
			targetProxy = 6F8F0462218AAB2800D4C8EB /* PBXContainerItemProxy */;
		};
		C6F597912176C8AF003592C3 /* PBXTargetDependency */ = {
			isa = PBXTargetDependency;
			target = C6F5977A2176C8AE003592C3 /* SleepAP */;
			targetProxy = C6F597902176C8AF003592C3 /* PBXContainerItemProxy */;
		};
		C6F5979C2176C8AF003592C3 /* PBXTargetDependency */ = {
			isa = PBXTargetDependency;
			target = C6F5977A2176C8AE003592C3 /* SleepAP */;
			targetProxy = C6F5979B2176C8AF003592C3 /* PBXContainerItemProxy */;
		};
/* End PBXTargetDependency section */

/* Begin PBXVariantGroup section */
		C6F597822176C8AE003592C3 /* Login.storyboard */ = {
			isa = PBXVariantGroup;
			children = (
				C6F597832176C8AE003592C3 /* Base */,
			);
			name = Login.storyboard;
			sourceTree = "<group>";
		};
		C6F597872176C8AF003592C3 /* LaunchScreen.storyboard */ = {
			isa = PBXVariantGroup;
			children = (
				C6F597882176C8AF003592C3 /* Base */,
			);
			name = LaunchScreen.storyboard;
			sourceTree = "<group>";
		};
		D3B14B0721797CD6002B91F6 /* Sleep.storyboard */ = {
			isa = PBXVariantGroup;
			children = (
				D3B14B0821797CD6002B91F6 /* Base */,
			);
			name = Sleep.storyboard;
			sourceTree = "<group>";
		};
/* End PBXVariantGroup section */

/* Begin XCBuildConfiguration section */
		C6F597A12176C8AF003592C3 /* Debug */ = {
			isa = XCBuildConfiguration;
			buildSettings = {
				ALWAYS_SEARCH_USER_PATHS = NO;
				CLANG_ANALYZER_NONNULL = YES;
				CLANG_ANALYZER_NUMBER_OBJECT_CONVERSION = YES_AGGRESSIVE;
				CLANG_CXX_LANGUAGE_STANDARD = "gnu++14";
				CLANG_CXX_LIBRARY = "libc++";
				CLANG_ENABLE_MODULES = YES;
				CLANG_ENABLE_OBJC_ARC = YES;
				CLANG_ENABLE_OBJC_WEAK = YES;
				CLANG_WARN_BLOCK_CAPTURE_AUTORELEASING = YES;
				CLANG_WARN_BOOL_CONVERSION = YES;
				CLANG_WARN_COMMA = YES;
				CLANG_WARN_CONSTANT_CONVERSION = YES;
				CLANG_WARN_DEPRECATED_OBJC_IMPLEMENTATIONS = YES;
				CLANG_WARN_DIRECT_OBJC_ISA_USAGE = YES_ERROR;
				CLANG_WARN_DOCUMENTATION_COMMENTS = YES;
				CLANG_WARN_EMPTY_BODY = YES;
				CLANG_WARN_ENUM_CONVERSION = YES;
				CLANG_WARN_INFINITE_RECURSION = YES;
				CLANG_WARN_INT_CONVERSION = YES;
				CLANG_WARN_NON_LITERAL_NULL_CONVERSION = YES;
				CLANG_WARN_OBJC_IMPLICIT_RETAIN_SELF = YES;
				CLANG_WARN_OBJC_LITERAL_CONVERSION = YES;
				CLANG_WARN_OBJC_ROOT_CLASS = YES_ERROR;
				CLANG_WARN_RANGE_LOOP_ANALYSIS = YES;
				CLANG_WARN_STRICT_PROTOTYPES = YES;
				CLANG_WARN_SUSPICIOUS_MOVE = YES;
				CLANG_WARN_UNGUARDED_AVAILABILITY = YES_AGGRESSIVE;
				CLANG_WARN_UNREACHABLE_CODE = YES;
				CLANG_WARN__DUPLICATE_METHOD_MATCH = YES;
				CODE_SIGN_IDENTITY = "iPhone Developer";
				COPY_PHASE_STRIP = NO;
				DEBUG_INFORMATION_FORMAT = dwarf;
				ENABLE_STRICT_OBJC_MSGSEND = YES;
				ENABLE_TESTABILITY = YES;
				GCC_C_LANGUAGE_STANDARD = gnu11;
				GCC_DYNAMIC_NO_PIC = NO;
				GCC_NO_COMMON_BLOCKS = YES;
				GCC_OPTIMIZATION_LEVEL = 0;
				GCC_PREPROCESSOR_DEFINITIONS = (
					"DEBUG=1",
					"$(inherited)",
				);
				GCC_WARN_64_TO_32_BIT_CONVERSION = YES;
				GCC_WARN_ABOUT_RETURN_TYPE = YES_ERROR;
				GCC_WARN_UNDECLARED_SELECTOR = YES;
				GCC_WARN_UNINITIALIZED_AUTOS = YES_AGGRESSIVE;
				GCC_WARN_UNUSED_FUNCTION = YES;
				GCC_WARN_UNUSED_VARIABLE = YES;
				IPHONEOS_DEPLOYMENT_TARGET = 12.0;
				MTL_ENABLE_DEBUG_INFO = INCLUDE_SOURCE;
				MTL_FAST_MATH = YES;
				ONLY_ACTIVE_ARCH = YES;
				SDKROOT = iphoneos;
				SWIFT_ACTIVE_COMPILATION_CONDITIONS = DEBUG;
				SWIFT_OPTIMIZATION_LEVEL = "-Onone";
			};
			name = Debug;
		};
		C6F597A22176C8AF003592C3 /* Release */ = {
			isa = XCBuildConfiguration;
			buildSettings = {
				ALWAYS_SEARCH_USER_PATHS = NO;
				CLANG_ANALYZER_NONNULL = YES;
				CLANG_ANALYZER_NUMBER_OBJECT_CONVERSION = YES_AGGRESSIVE;
				CLANG_CXX_LANGUAGE_STANDARD = "gnu++14";
				CLANG_CXX_LIBRARY = "libc++";
				CLANG_ENABLE_MODULES = YES;
				CLANG_ENABLE_OBJC_ARC = YES;
				CLANG_ENABLE_OBJC_WEAK = YES;
				CLANG_WARN_BLOCK_CAPTURE_AUTORELEASING = YES;
				CLANG_WARN_BOOL_CONVERSION = YES;
				CLANG_WARN_COMMA = YES;
				CLANG_WARN_CONSTANT_CONVERSION = YES;
				CLANG_WARN_DEPRECATED_OBJC_IMPLEMENTATIONS = YES;
				CLANG_WARN_DIRECT_OBJC_ISA_USAGE = YES_ERROR;
				CLANG_WARN_DOCUMENTATION_COMMENTS = YES;
				CLANG_WARN_EMPTY_BODY = YES;
				CLANG_WARN_ENUM_CONVERSION = YES;
				CLANG_WARN_INFINITE_RECURSION = YES;
				CLANG_WARN_INT_CONVERSION = YES;
				CLANG_WARN_NON_LITERAL_NULL_CONVERSION = YES;
				CLANG_WARN_OBJC_IMPLICIT_RETAIN_SELF = YES;
				CLANG_WARN_OBJC_LITERAL_CONVERSION = YES;
				CLANG_WARN_OBJC_ROOT_CLASS = YES_ERROR;
				CLANG_WARN_RANGE_LOOP_ANALYSIS = YES;
				CLANG_WARN_STRICT_PROTOTYPES = YES;
				CLANG_WARN_SUSPICIOUS_MOVE = YES;
				CLANG_WARN_UNGUARDED_AVAILABILITY = YES_AGGRESSIVE;
				CLANG_WARN_UNREACHABLE_CODE = YES;
				CLANG_WARN__DUPLICATE_METHOD_MATCH = YES;
				CODE_SIGN_IDENTITY = "iPhone Developer";
				COPY_PHASE_STRIP = NO;
				DEBUG_INFORMATION_FORMAT = "dwarf-with-dsym";
				ENABLE_NS_ASSERTIONS = NO;
				ENABLE_STRICT_OBJC_MSGSEND = YES;
				GCC_C_LANGUAGE_STANDARD = gnu11;
				GCC_NO_COMMON_BLOCKS = YES;
				GCC_WARN_64_TO_32_BIT_CONVERSION = YES;
				GCC_WARN_ABOUT_RETURN_TYPE = YES_ERROR;
				GCC_WARN_UNDECLARED_SELECTOR = YES;
				GCC_WARN_UNINITIALIZED_AUTOS = YES_AGGRESSIVE;
				GCC_WARN_UNUSED_FUNCTION = YES;
				GCC_WARN_UNUSED_VARIABLE = YES;
				IPHONEOS_DEPLOYMENT_TARGET = 12.0;
				MTL_ENABLE_DEBUG_INFO = NO;
				MTL_FAST_MATH = YES;
				SDKROOT = iphoneos;
				SWIFT_OPTIMIZATION_LEVEL = "-Owholemodule";
				VALIDATE_PRODUCT = YES;
			};
			name = Release;
		};
		C6F597A42176C8AF003592C3 /* Debug */ = {
			isa = XCBuildConfiguration;
			baseConfigurationReference = 70E754EA466C3BF54BAC8BA2 /* Pods-SleepAP.debug.xcconfig */;
			buildSettings = {
				ALWAYS_EMBED_SWIFT_STANDARD_LIBRARIES = YES;
				ASSETCATALOG_COMPILER_APPICON_NAME = AppIcon;
				CODE_SIGN_STYLE = Automatic;
				DEVELOPMENT_TEAM = Z28U2Q82P6;
				INFOPLIST_FILE = SleepAP/Info.plist;
				LD_RUNPATH_SEARCH_PATHS = "$(inherited) @executable_path/Frameworks";
				PRODUCT_BUNDLE_IDENTIFIER = SAPTeam.SleepAP;
				PRODUCT_NAME = "$(TARGET_NAME)";
				SWIFT_VERSION = 4.2;
				TARGETED_DEVICE_FAMILY = "1,2";
			};
			name = Debug;
		};
		C6F597A52176C8AF003592C3 /* Release */ = {
			isa = XCBuildConfiguration;
			baseConfigurationReference = E8649FFE3845830806EEE3B8 /* Pods-SleepAP.release.xcconfig */;
			buildSettings = {
				ALWAYS_EMBED_SWIFT_STANDARD_LIBRARIES = YES;
				ASSETCATALOG_COMPILER_APPICON_NAME = AppIcon;
				CODE_SIGN_STYLE = Automatic;
				DEVELOPMENT_TEAM = Z28U2Q82P6;
				INFOPLIST_FILE = SleepAP/Info.plist;
				LD_RUNPATH_SEARCH_PATHS = "$(inherited) @executable_path/Frameworks";
				PRODUCT_BUNDLE_IDENTIFIER = SAPTeam.SleepAP;
				PRODUCT_NAME = "$(TARGET_NAME)";
				SWIFT_VERSION = 4.2;
				TARGETED_DEVICE_FAMILY = "1,2";
			};
			name = Release;
		};
		C6F597A72176C8AF003592C3 /* Debug */ = {
			isa = XCBuildConfiguration;
			baseConfigurationReference = 726F812CCF914C248883962C /* Pods-SleepAPTests.debug.xcconfig */;
			buildSettings = {
				ALWAYS_EMBED_SWIFT_STANDARD_LIBRARIES = YES;
				BUNDLE_LOADER = "$(TEST_HOST)";
				CODE_SIGN_STYLE = Automatic;
				INFOPLIST_FILE = SleepAPTests/Info.plist;
				LD_RUNPATH_SEARCH_PATHS = "$(inherited) @executable_path/Frameworks @loader_path/Frameworks";
				PRODUCT_BUNDLE_IDENTIFIER = SAPTeam.SleepAPTests;
				PRODUCT_NAME = "$(TARGET_NAME)";
				SWIFT_VERSION = 4.2;
				TARGETED_DEVICE_FAMILY = "1,2";
				TEST_HOST = "$(BUILT_PRODUCTS_DIR)/SleepAP.app/SleepAP";
			};
			name = Debug;
		};
		C6F597A82176C8AF003592C3 /* Release */ = {
			isa = XCBuildConfiguration;
			baseConfigurationReference = 57B78463B6C9E775DC228544 /* Pods-SleepAPTests.release.xcconfig */;
			buildSettings = {
				ALWAYS_EMBED_SWIFT_STANDARD_LIBRARIES = YES;
				BUNDLE_LOADER = "$(TEST_HOST)";
				CODE_SIGN_STYLE = Automatic;
				INFOPLIST_FILE = SleepAPTests/Info.plist;
				LD_RUNPATH_SEARCH_PATHS = "$(inherited) @executable_path/Frameworks @loader_path/Frameworks";
				PRODUCT_BUNDLE_IDENTIFIER = SAPTeam.SleepAPTests;
				PRODUCT_NAME = "$(TARGET_NAME)";
				SWIFT_VERSION = 4.2;
				TARGETED_DEVICE_FAMILY = "1,2";
				TEST_HOST = "$(BUILT_PRODUCTS_DIR)/SleepAP.app/SleepAP";
			};
			name = Release;
		};
		C6F597AA2176C8AF003592C3 /* Debug */ = {
			isa = XCBuildConfiguration;
			baseConfigurationReference = 4CECD1D14C9913763932AE4F /* Pods-SleepAPUITests.debug.xcconfig */;
			buildSettings = {
				ALWAYS_EMBED_SWIFT_STANDARD_LIBRARIES = YES;
				CODE_SIGN_STYLE = Automatic;
				INFOPLIST_FILE = SleepAPUITests/Info.plist;
				LD_RUNPATH_SEARCH_PATHS = "$(inherited) @executable_path/Frameworks @loader_path/Frameworks";
				PRODUCT_BUNDLE_IDENTIFIER = SAPTeam.SleepAPUITests;
				PRODUCT_NAME = "$(TARGET_NAME)";
				SWIFT_VERSION = 4.2;
				TARGETED_DEVICE_FAMILY = "1,2";
				TEST_TARGET_NAME = SleepAP;
			};
			name = Debug;
		};
		C6F597AB2176C8AF003592C3 /* Release */ = {
			isa = XCBuildConfiguration;
			baseConfigurationReference = 11F27F08845957DF156F2847 /* Pods-SleepAPUITests.release.xcconfig */;
			buildSettings = {
				ALWAYS_EMBED_SWIFT_STANDARD_LIBRARIES = YES;
				CODE_SIGN_STYLE = Automatic;
				INFOPLIST_FILE = SleepAPUITests/Info.plist;
				LD_RUNPATH_SEARCH_PATHS = "$(inherited) @executable_path/Frameworks @loader_path/Frameworks";
				PRODUCT_BUNDLE_IDENTIFIER = SAPTeam.SleepAPUITests;
				PRODUCT_NAME = "$(TARGET_NAME)";
				SWIFT_VERSION = 4.2;
				TARGETED_DEVICE_FAMILY = "1,2";
				TEST_TARGET_NAME = SleepAP;
			};
			name = Release;
		};
/* End XCBuildConfiguration section */

/* Begin XCConfigurationList section */
		C6F597762176C8AE003592C3 /* Build configuration list for PBXProject "SleepAP" */ = {
			isa = XCConfigurationList;
			buildConfigurations = (
				C6F597A12176C8AF003592C3 /* Debug */,
				C6F597A22176C8AF003592C3 /* Release */,
			);
			defaultConfigurationIsVisible = 0;
			defaultConfigurationName = Release;
		};
		C6F597A32176C8AF003592C3 /* Build configuration list for PBXNativeTarget "SleepAP" */ = {
			isa = XCConfigurationList;
			buildConfigurations = (
				C6F597A42176C8AF003592C3 /* Debug */,
				C6F597A52176C8AF003592C3 /* Release */,
			);
			defaultConfigurationIsVisible = 0;
			defaultConfigurationName = Release;
		};
		C6F597A62176C8AF003592C3 /* Build configuration list for PBXNativeTarget "SleepAPTests" */ = {
			isa = XCConfigurationList;
			buildConfigurations = (
				C6F597A72176C8AF003592C3 /* Debug */,
				C6F597A82176C8AF003592C3 /* Release */,
			);
			defaultConfigurationIsVisible = 0;
			defaultConfigurationName = Release;
		};
		C6F597A92176C8AF003592C3 /* Build configuration list for PBXNativeTarget "SleepAPUITests" */ = {
			isa = XCConfigurationList;
			buildConfigurations = (
				C6F597AA2176C8AF003592C3 /* Debug */,
				C6F597AB2176C8AF003592C3 /* Release */,
			);
			defaultConfigurationIsVisible = 0;
			defaultConfigurationName = Release;
		};
/* End XCConfigurationList section */
	};
	rootObject = C6F597732176C8AE003592C3 /* Project object */;
}
